
Microsoft Visual Studio Solution File, Format Version 12.00
# Visual Studio Version 16
VisualStudioVersion = 16.0.29519.87
MinimumVisualStudioVersion = 10.0.40219.1
Project("{9A19103F-16F7-4668-BE54-9A1E7A4F7556}") = "CoreBot", "CoreBot.csproj", "{86501767-AC9B-412C-99D2-4A6DE6D63406}"
EndProject
Project("{FAE04EC0-301F-11D3-BF4B-00C04F79EFBC}") = "CoreBot.Tests", "CoreBot.Tests\CoreBot.Tests.csproj", "{67971B1D-B624-4D40-B972-FED8B2474359}"
EndProject
Global
	GlobalSection(SolutionConfigurationPlatforms) = preSolution
		Debug|Any CPU = Debug|Any CPU
		Release|Any CPU = Release|Any CPU
	EndGlobalSection
	GlobalSection(ProjectConfigurationPlatforms) = postSolution
		{86501767-AC9B-412C-99D2-4A6DE6D63406}.Debug|Any CPU.ActiveCfg = Debug|Any CPU
		{86501767-AC9B-412C-99D2-4A6DE6D63406}.Debug|Any CPU.Build.0 = Debug|Any CPU
		{86501767-AC9B-412C-99D2-4A6DE6D63406}.Release|Any CPU.ActiveCfg = Release|Any CPU
		{86501767-AC9B-412C-99D2-4A6DE6D63406}.Release|Any CPU.Build.0 = Release|Any CPU
		{67971B1D-B624-4D40-B972-FED8B2474359}.Debug|Any CPU.ActiveCfg = Debug|Any CPU
		{67971B1D-B624-4D40-B972-FED8B2474359}.Debug|Any CPU.Build.0 = Debug|Any CPU
		{67971B1D-B624-4D40-B972-FED8B2474359}.Release|Any CPU.ActiveCfg = Release|Any CPU
		{67971B1D-B624-4D40-B972-FED8B2474359}.Release|Any CPU.Build.0 = Release|Any CPU
	EndGlobalSection
	GlobalSection(SolutionProperties) = preSolution
		HideSolutionNode = FALSE
	EndGlobalSection
	GlobalSection(ExtensibilityGlobals) = postSolution
		SolutionGuid = {6E46E487-FC28-46A7-94AF-C11A75F49060}
	EndGlobalSection
EndGlobal
